
Microsoft Visual Studio Solution File, Format Version 12.00
# Visual Studio 14
VisualStudioVersion = 14.0.25420.1
MinimumVisualStudioVersion = 10.0.40219.1
Project("{A07B5EB6-E848-4116-A8D0-A826331D98C6}") = "StudentTimeline", "StudentTimeline\StudentTimeline.sfproj", "{7B49F6F8-269F-4732-88F4-DFC3A71C4B4C}"
EndProject
Project("{FAE04EC0-301F-11D3-BF4B-00C04F79EFBC}") = "StudentTimeline.WebApi", "StudentTimeline.WebApi\StudentTimeline.WebApi.csproj", "{CF6381BE-57FA-44BB-ADA3-BA734C40A342}"
EndProject
Project("{FAE04EC0-301F-11D3-BF4B-00C04F79EFBC}") = "StudentTimeline.TaskSvc", "StudentTimeline.TaskSvc\StudentTimeline.TaskSvc.csproj", "{65BB9101-E926-4A63-AEF7-0608F59FBE19}"
EndProject
Project("{FAE04EC0-301F-11D3-BF4B-00C04F79EFBC}") = "StudentTimeline.CourseSvc", "StudentTimeline.CourseSvc\StudentTimeline.CourseSvc.csproj", "{291CDF4D-CAD4-49BB-ACDD-83F015EC4FE2}"
EndProject
Project("{FAE04EC0-301F-11D3-BF4B-00C04F79EFBC}") = "StudentTimeline.UserSvc", "StudentTimeline.UserSvc\StudentTimeline.UserSvc.csproj", "{A5F67123-F855-41DC-B067-D4339B731BE7}"
EndProject
Project("{FAE04EC0-301F-11D3-BF4B-00C04F79EFBC}") = "StudentTimeline.UserModel", "StudentTimeline.UserModel\StudentTimeline.UserModel.csproj", "{C708B044-092B-45E3-9D60-AC4621A0D592}"
EndProject
Project("{FAE04EC0-301F-11D3-BF4B-00C04F79EFBC}") = "StudentTimeline.Common", "StudentTimeline.Common\StudentTimeline.Common.csproj", "{9044CB37-0BC6-48D9-80B7-83C94EEA5895}"
EndProject
Project("{2150E333-8FDC-42A3-9474-1A3956D46DE8}") = "Services", "Services", "{D4D5A42B-51C1-4102-A455-64F7ADAC68E7}"
EndProject
Project("{2150E333-8FDC-42A3-9474-1A3956D46DE8}") = "User", "User", "{D56DCB9B-0881-453C-BE00-CB28F7953044}"
EndProject
Project("{2150E333-8FDC-42A3-9474-1A3956D46DE8}") = "Task", "Task", "{0BB2D563-A965-4222-938E-53CAC0D95479}"
EndProject
Project("{2150E333-8FDC-42A3-9474-1A3956D46DE8}") = "Course", "Course", "{ADA8FFEB-7312-4146-9D2F-4F301D623590}"
EndProject
Project("{FAE04EC0-301F-11D3-BF4B-00C04F79EFBC}") = "StudentTimeline.TaskModel", "StudentTimeline.TaskModel\StudentTimeline.TaskModel.csproj", "{136622E5-F1C5-4F4C-B926-5B39590D4E45}"
EndProject
Project("{FAE04EC0-301F-11D3-BF4B-00C04F79EFBC}") = "StudentTimeline.CourseModel", "StudentTimeline.CourseModel\StudentTimeline.CourseModel.csproj", "{6ECE08AE-7ADC-4C3C-B355-6700A4DF70F6}"
EndProject
Global
	GlobalSection(SolutionConfigurationPlatforms) = preSolution
		Debug|Any CPU = Debug|Any CPU
		Debug|x64 = Debug|x64
		Release|Any CPU = Release|Any CPU
		Release|x64 = Release|x64
	EndGlobalSection
	GlobalSection(ProjectConfigurationPlatforms) = postSolution
		{7B49F6F8-269F-4732-88F4-DFC3A71C4B4C}.Debug|Any CPU.ActiveCfg = Debug|x64
		{7B49F6F8-269F-4732-88F4-DFC3A71C4B4C}.Debug|x64.ActiveCfg = Debug|x64
		{7B49F6F8-269F-4732-88F4-DFC3A71C4B4C}.Debug|x64.Build.0 = Debug|x64
		{7B49F6F8-269F-4732-88F4-DFC3A71C4B4C}.Debug|x64.Deploy.0 = Debug|x64
		{7B49F6F8-269F-4732-88F4-DFC3A71C4B4C}.Release|Any CPU.ActiveCfg = Release|x64
		{7B49F6F8-269F-4732-88F4-DFC3A71C4B4C}.Release|x64.ActiveCfg = Release|x64
		{7B49F6F8-269F-4732-88F4-DFC3A71C4B4C}.Release|x64.Build.0 = Release|x64
		{7B49F6F8-269F-4732-88F4-DFC3A71C4B4C}.Release|x64.Deploy.0 = Release|x64
		{CF6381BE-57FA-44BB-ADA3-BA734C40A342}.Debug|Any CPU.ActiveCfg = Debug|x64
		{CF6381BE-57FA-44BB-ADA3-BA734C40A342}.Debug|x64.ActiveCfg = Debug|x64
		{CF6381BE-57FA-44BB-ADA3-BA734C40A342}.Debug|x64.Build.0 = Debug|x64
		{CF6381BE-57FA-44BB-ADA3-BA734C40A342}.Release|Any CPU.ActiveCfg = Release|x64
		{CF6381BE-57FA-44BB-ADA3-BA734C40A342}.Release|x64.ActiveCfg = Release|x64
		{CF6381BE-57FA-44BB-ADA3-BA734C40A342}.Release|x64.Build.0 = Release|x64
		{65BB9101-E926-4A63-AEF7-0608F59FBE19}.Debug|Any CPU.ActiveCfg = Debug|x64
		{65BB9101-E926-4A63-AEF7-0608F59FBE19}.Debug|x64.ActiveCfg = Debug|x64
		{65BB9101-E926-4A63-AEF7-0608F59FBE19}.Debug|x64.Build.0 = Debug|x64
		{65BB9101-E926-4A63-AEF7-0608F59FBE19}.Release|Any CPU.ActiveCfg = Release|x64
		{65BB9101-E926-4A63-AEF7-0608F59FBE19}.Release|x64.ActiveCfg = Release|x64
		{65BB9101-E926-4A63-AEF7-0608F59FBE19}.Release|x64.Build.0 = Release|x64
		{291CDF4D-CAD4-49BB-ACDD-83F015EC4FE2}.Debug|Any CPU.ActiveCfg = Debug|x64
		{291CDF4D-CAD4-49BB-ACDD-83F015EC4FE2}.Debug|x64.ActiveCfg = Debug|x64
		{291CDF4D-CAD4-49BB-ACDD-83F015EC4FE2}.Debug|x64.Build.0 = Debug|x64
		{291CDF4D-CAD4-49BB-ACDD-83F015EC4FE2}.Release|Any CPU.ActiveCfg = Release|x64
		{291CDF4D-CAD4-49BB-ACDD-83F015EC4FE2}.Release|x64.ActiveCfg = Release|x64
		{291CDF4D-CAD4-49BB-ACDD-83F015EC4FE2}.Release|x64.Build.0 = Release|x64
		{A5F67123-F855-41DC-B067-D4339B731BE7}.Debug|Any CPU.ActiveCfg = Debug|x64
		{A5F67123-F855-41DC-B067-D4339B731BE7}.Debug|x64.ActiveCfg = Debug|x64
		{A5F67123-F855-41DC-B067-D4339B731BE7}.Debug|x64.Build.0 = Debug|x64
		{A5F67123-F855-41DC-B067-D4339B731BE7}.Release|Any CPU.ActiveCfg = Release|x64
		{A5F67123-F855-41DC-B067-D4339B731BE7}.Release|x64.ActiveCfg = Release|x64
		{A5F67123-F855-41DC-B067-D4339B731BE7}.Release|x64.Build.0 = Release|x64
		{C708B044-092B-45E3-9D60-AC4621A0D592}.Debug|Any CPU.ActiveCfg = Debug|Any CPU
		{C708B044-092B-45E3-9D60-AC4621A0D592}.Debug|Any CPU.Build.0 = Debug|Any CPU
		{C708B044-092B-45E3-9D60-AC4621A0D592}.Debug|x64.ActiveCfg = Debug|x64
		{C708B044-092B-45E3-9D60-AC4621A0D592}.Debug|x64.Build.0 = Debug|x64
		{C708B044-092B-45E3-9D60-AC4621A0D592}.Release|Any CPU.ActiveCfg = Release|Any CPU
		{C708B044-092B-45E3-9D60-AC4621A0D592}.Release|Any CPU.Build.0 = Release|Any CPU
		{C708B044-092B-45E3-9D60-AC4621A0D592}.Release|x64.ActiveCfg = Release|Any CPU
		{C708B044-092B-45E3-9D60-AC4621A0D592}.Release|x64.Build.0 = Release|Any CPU
		{9044CB37-0BC6-48D9-80B7-83C94EEA5895}.Debug|Any CPU.ActiveCfg = Debug|Any CPU
		{9044CB37-0BC6-48D9-80B7-83C94EEA5895}.Debug|Any CPU.Build.0 = Debug|Any CPU
		{9044CB37-0BC6-48D9-80B7-83C94EEA5895}.Debug|x64.ActiveCfg = Debug|x64
		{9044CB37-0BC6-48D9-80B7-83C94EEA5895}.Debug|x64.Build.0 = Debug|x64
		{9044CB37-0BC6-48D9-80B7-83C94EEA5895}.Release|Any CPU.ActiveCfg = Release|Any CPU
		{9044CB37-0BC6-48D9-80B7-83C94EEA5895}.Release|Any CPU.Build.0 = Release|Any CPU
		{9044CB37-0BC6-48D9-80B7-83C94EEA5895}.Release|x64.ActiveCfg = Release|Any CPU
		{9044CB37-0BC6-48D9-80B7-83C94EEA5895}.Release|x64.Build.0 = Release|Any CPU
		{136622E5-F1C5-4F4C-B926-5B39590D4E45}.Debug|Any CPU.ActiveCfg = Debug|Any CPU
		{136622E5-F1C5-4F4C-B926-5B39590D4E45}.Debug|Any CPU.Build.0 = Debug|Any CPU
		{136622E5-F1C5-4F4C-B926-5B39590D4E45}.Debug|x64.ActiveCfg = Debug|x64
		{136622E5-F1C5-4F4C-B926-5B39590D4E45}.Debug|x64.Build.0 = Debug|x64
		{136622E5-F1C5-4F4C-B926-5B39590D4E45}.Release|Any CPU.ActiveCfg = Release|Any CPU
		{136622E5-F1C5-4F4C-B926-5B39590D4E45}.Release|Any CPU.Build.0 = Release|Any CPU
		{136622E5-F1C5-4F4C-B926-5B39590D4E45}.Release|x64.ActiveCfg = Release|Any CPU
		{136622E5-F1C5-4F4C-B926-5B39590D4E45}.Release|x64.Build.0 = Release|Any CPU
		{6ECE08AE-7ADC-4C3C-B355-6700A4DF70F6}.Debug|Any CPU.ActiveCfg = Debug|Any CPU
		{6ECE08AE-7ADC-4C3C-B355-6700A4DF70F6}.Debug|Any CPU.Build.0 = Debug|Any CPU
		{6ECE08AE-7ADC-4C3C-B355-6700A4DF70F6}.Debug|x64.ActiveCfg = Debug|x64
		{6ECE08AE-7ADC-4C3C-B355-6700A4DF70F6}.Debug|x64.Build.0 = Debug|x64
		{6ECE08AE-7ADC-4C3C-B355-6700A4DF70F6}.Release|Any CPU.ActiveCfg = Release|Any CPU
		{6ECE08AE-7ADC-4C3C-B355-6700A4DF70F6}.Release|Any CPU.Build.0 = Release|Any CPU
		{6ECE08AE-7ADC-4C3C-B355-6700A4DF70F6}.Release|x64.ActiveCfg = Release|Any CPU
		{6ECE08AE-7ADC-4C3C-B355-6700A4DF70F6}.Release|x64.Build.0 = Release|Any CPU
	EndGlobalSection
	GlobalSection(SolutionProperties) = preSolution
		HideSolutionNode = FALSE
	EndGlobalSection
	GlobalSection(NestedProjects) = preSolution
		{65BB9101-E926-4A63-AEF7-0608F59FBE19} = {0BB2D563-A965-4222-938E-53CAC0D95479}
		{291CDF4D-CAD4-49BB-ACDD-83F015EC4FE2} = {ADA8FFEB-7312-4146-9D2F-4F301D623590}
		{A5F67123-F855-41DC-B067-D4339B731BE7} = {D56DCB9B-0881-453C-BE00-CB28F7953044}
		{C708B044-092B-45E3-9D60-AC4621A0D592} = {D56DCB9B-0881-453C-BE00-CB28F7953044}
		{D56DCB9B-0881-453C-BE00-CB28F7953044} = {D4D5A42B-51C1-4102-A455-64F7ADAC68E7}
		{0BB2D563-A965-4222-938E-53CAC0D95479} = {D4D5A42B-51C1-4102-A455-64F7ADAC68E7}
		{ADA8FFEB-7312-4146-9D2F-4F301D623590} = {D4D5A42B-51C1-4102-A455-64F7ADAC68E7}
		{136622E5-F1C5-4F4C-B926-5B39590D4E45} = {0BB2D563-A965-4222-938E-53CAC0D95479}
		{6ECE08AE-7ADC-4C3C-B355-6700A4DF70F6} = {ADA8FFEB-7312-4146-9D2F-4F301D623590}
	EndGlobalSection
EndGlobal
